
Microsoft Visual Studio Solution File, Format Version 12.00
# Visual Studio Version 17
VisualStudioVersion = 17.13.35931.197 d17.13
MinimumVisualStudioVersion = 10.0.40219.1
Project("{FAE04EC0-301F-11D3-BF4B-00C04F79EFBC}") = "VjezbeAlgebraMetode", "VjezbeAlgebraMetode.csproj", "{0AC706FB-3F7B-423B-A8F4-BBB2973A86DF}"
EndProject
Global
	GlobalSection(SolutionConfigurationPlatforms) = preSolution
		Debug|Any CPU = Debug|Any CPU
		Release|Any CPU = Release|Any CPU
	EndGlobalSection
	GlobalSection(ProjectConfigurationPlatforms) = postSolution
		{0AC706FB-3F7B-423B-A8F4-BBB2973A86DF}.Debug|Any CPU.ActiveCfg = Debug|Any CPU
		{0AC706FB-3F7B-423B-A8F4-BBB2973A86DF}.Debug|Any CPU.Build.0 = Debug|Any CPU
		{0AC706FB-3F7B-423B-A8F4-BBB2973A86DF}.Release|Any CPU.ActiveCfg = Release|Any CPU
		{0AC706FB-3F7B-423B-A8F4-BBB2973A86DF}.Release|Any CPU.Build.0 = Release|Any CPU
	EndGlobalSection
	GlobalSection(SolutionProperties) = preSolution
		HideSolutionNode = FALSE
	EndGlobalSection
	GlobalSection(ExtensibilityGlobals) = postSolution
		SolutionGuid = {934A12E2-C5FE-45D8-9A0F-85626E2A7758}
	EndGlobalSection
EndGlobal
